{
  "nodes": {
    "advisory-db": {
      "flake": false,
      "locked": {
        "lastModified": 1676298841,
        "narHash": "sha256-DWSt8eWvur4rd3VYpX0CreLNMUFyLLhQhQ32xa5O5WI=",
        "owner": "rustsec",
        "repo": "advisory-db",
        "rev": "c536da77d72cf0bd85bf73c8949e41b16077bee1",
        "type": "github"
      },
      "original": {
        "owner": "rustsec",
        "repo": "advisory-db",
        "type": "github"
      }
    },
    "cargo-leptos": {
      "flake": false,
      "locked": {
        "lastModified": 1677102999,
        "narHash": "sha256-F2ffGUUOqj4szoKA1JQ6ZAGm7OwRQeNvf8DIJV952fo=",
        "owner": "benwis",
        "repo": "cargo-leptos",
        "rev": "058774e7511c21ff77f2b1f46e94217aad51f20a",
        "type": "github"
      },
      "original": {
        "owner": "benwis",
        "repo": "cargo-leptos",
        "type": "github"
      }
    },
    "crane": {
      "inputs": {
        "flake-compat": "flake-compat",
        "flake-utils": "flake-utils",
        "nixpkgs": [
          "nixpkgs"
        ],
        "rust-overlay": "rust-overlay"
      },
      "locked": {
        "lastModified": 1675475924,
        "narHash": "sha256-KWdfV9a6+zG6Ij/7PZYLnomjBZZUu8gdRy+hfjGrrJQ=",
        "owner": "ipetkov",
        "repo": "crane",
        "rev": "1bde9c762ebf26de9f8ecf502357c92105bc4577",
        "type": "github"
      },
      "original": {
        "owner": "ipetkov",
        "repo": "crane",
        "type": "github"
      }
    },
    "flake-compat": {
      "flake": false,
      "locked": {
        "lastModified": 1673956053,
        "narHash": "sha256-4gtG9iQuiKITOjNQQeQIpoIB6b16fm+504Ch3sNKLd8=",
        "owner": "edolstra",
        "repo": "flake-compat",
        "rev": "35bb57c0c8d8b62bbfd284272c928ceb64ddbde9",
        "type": "github"
      },
      "original": {
        "owner": "edolstra",
        "repo": "flake-compat",
        "type": "github"
      }
    },
    "flake-compat_2": {
      "flake": false,
      "locked": {
        "lastModified": 1673956053,
        "narHash": "sha256-4gtG9iQuiKITOjNQQeQIpoIB6b16fm+504Ch3sNKLd8=",
        "owner": "edolstra",
        "repo": "flake-compat",
        "rev": "35bb57c0c8d8b62bbfd284272c928ceb64ddbde9",
        "type": "github"
      },
      "original": {
        "owner": "edolstra",
        "repo": "flake-compat",
        "type": "github"
      }
    },
    "flake-parts": {
      "inputs": {
        "nixpkgs-lib": "nixpkgs-lib"
      },
      "locked": {
        "lastModified": 1675933616,
        "narHash": "sha256-/rczJkJHtx16IFxMmAWu5nNYcSXNg1YYXTHoGjLrLUA=",
        "owner": "hercules-ci",
        "repo": "flake-parts",
        "rev": "47478a4a003e745402acf63be7f9a092d51b83d7",
        "type": "github"
      },
      "original": {
        "owner": "hercules-ci",
        "repo": "flake-parts",
        "type": "github"
      }
    },
    "flake-utils": {
      "locked": {
        "lastModified": 1667395993,
        "narHash": "sha256-nuEHfE/LcWyuSWnS8t12N1wc105Qtau+/OdUAjtQ0rA=",
        "owner": "numtide",
        "repo": "flake-utils",
        "rev": "5aed5285a952e0b949eb3ba02c12fa4fcfef535f",
        "type": "github"
      },
      "original": {
        "owner": "numtide",
        "repo": "flake-utils",
        "type": "github"
      }
    },
    "flake-utils_2": {
      "locked": {
        "lastModified": 1676283394,
        "narHash": "sha256-XX2f9c3iySLCw54rJ/CZs+ZK6IQy7GXNY4nSOyu2QG4=",
        "owner": "numtide",
        "repo": "flake-utils",
        "rev": "3db36a8b464d0c4532ba1c7dda728f4576d6d073",
        "type": "github"
      },
      "original": {
        "owner": "numtide",
        "repo": "flake-utils",
        "type": "github"
      }
    },
    "flake-utils_3": {
      "locked": {
        "lastModified": 1667395993,
        "narHash": "sha256-nuEHfE/LcWyuSWnS8t12N1wc105Qtau+/OdUAjtQ0rA=",
        "owner": "numtide",
        "repo": "flake-utils",
        "rev": "5aed5285a952e0b949eb3ba02c12fa4fcfef535f",
        "type": "github"
      },
      "original": {
        "owner": "numtide",
        "repo": "flake-utils",
        "type": "github"
      }
    },
    "flake-utils_4": {
      "locked": {
        "lastModified": 1659877975,
        "narHash": "sha256-zllb8aq3YO3h8B/U0/J1WBgAL8EX5yWf5pMj3G0NAmc=",
        "owner": "numtide",
        "repo": "flake-utils",
        "rev": "c0e246b9b83f637f4681389ecabcb2681b4f3af0",
        "type": "github"
      },
      "original": {
        "owner": "numtide",
        "repo": "flake-utils",
        "type": "github"
      }
    },
    "gitignore": {
      "inputs": {
        "nixpkgs": [
          "pre-commit",
          "nixpkgs"
        ]
      },
      "locked": {
        "lastModified": 1660459072,
        "narHash": "sha256-8DFJjXG8zqoONA1vXtgeKXy68KdJL5UaXR8NtVMUbx8=",
        "owner": "hercules-ci",
        "repo": "gitignore.nix",
        "rev": "a20de23b925fd8264fd7fad6454652e142fd7f73",
        "type": "github"
      },
      "original": {
        "owner": "hercules-ci",
        "repo": "gitignore.nix",
        "type": "github"
      }
    },
    "nix-filter": {
      "locked": {
        "lastModified": 1676294984,
        "narHash": "sha256-hdLUa/3RH1VJ+gMUysQE0JGM4F2Q/tIIFbtoxAOurJQ=",
        "owner": "numtide",
        "repo": "nix-filter",
        "rev": "fc282c5478e4141842f9644c239a41cfe9586732",
        "type": "github"
      },
      "original": {
        "owner": "numtide",
        "repo": "nix-filter",
        "type": "github"
      }
    },
    "nixpkgs": {
      "locked": {
        "lastModified": 1676150441,
        "narHash": "sha256-Nfeua9Ua/dGHOQpzOjLtkyMyW/ysQCvZJ9Dd74QQSNk=",
        "owner": "NixOS",
        "repo": "nixpkgs",
        "rev": "6d87734c880d704f6ee13e5c0fe835b98918c34e",
        "type": "github"
      },
      "original": {
        "owner": "NixOS",
        "ref": "nixpkgs-unstable",
        "repo": "nixpkgs",
        "type": "github"
      }
    },
    "nixpkgs-lib": {
      "locked": {
        "dir": "lib",
        "lastModified": 1675183161,
        "narHash": "sha256-Zq8sNgAxDckpn7tJo7V1afRSk2eoVbu3OjI1QklGLNg=",
        "owner": "NixOS",
        "repo": "nixpkgs",
        "rev": "e1e1b192c1a5aab2960bf0a0bd53a2e8124fa18e",
        "type": "github"
      },
      "original": {
        "dir": "lib",
        "owner": "NixOS",
        "ref": "nixos-unstable",
        "repo": "nixpkgs",
        "type": "github"
      }
    },
    "nixpkgs-stable": {
      "locked": {
        "lastModified": 1673800717,
        "narHash": "sha256-SFHraUqLSu5cC6IxTprex/nTsI81ZQAtDvlBvGDWfnA=",
        "owner": "NixOS",
        "repo": "nixpkgs",
        "rev": "2f9fd351ec37f5d479556cd48be4ca340da59b8f",
        "type": "github"
      },
      "original": {
        "owner": "NixOS",
        "ref": "nixos-22.11",
        "repo": "nixpkgs",
        "type": "github"
      }
    },
    "nixpkgs_2": {
      "locked": {
        "lastModified": 1671271357,
        "narHash": "sha256-xRJdLbWK4v2SewmSStYrcLa0YGJpleufl44A19XSW8k=",
        "owner": "NixOS",
        "repo": "nixpkgs",
        "rev": "40f79f003b6377bd2f4ed4027dde1f8f922995dd",
        "type": "github"
      },
      "original": {
        "owner": "NixOS",
        "ref": "nixos-unstable",
        "repo": "nixpkgs",
        "type": "github"
      }
    },
    "nixpkgs_3": {
      "locked": {
        "lastModified": 1665296151,
        "narHash": "sha256-uOB0oxqxN9K7XGF1hcnY+PQnlQJ+3bP2vCn/+Ru/bbc=",
        "owner": "NixOS",
        "repo": "nixpkgs",
        "rev": "14ccaaedd95a488dd7ae142757884d8e125b3363",
        "type": "github"
      },
      "original": {
        "owner": "NixOS",
        "ref": "nixpkgs-unstable",
        "repo": "nixpkgs",
        "type": "github"
      }
    },
    "obsidian-export": {
      "flake": false,
      "locked": {
        "lastModified": 1668874333,
        "narHash": "sha256-hfYpSYDA5SsMyk1egvSzKS7/OJ176Z3NHbIT06QqSRc=",
        "owner": "zoni",
        "repo": "obsidian-export",
        "rev": "83ab69aedd7480e60d3498d7bb6490d9972e1e32",
        "type": "github"
      },
      "original": {
        "owner": "zoni",
        "ref": "v22.11.0",
        "repo": "obsidian-export",
        "type": "github"
      }
    },
    "obsidian-second-brain": {
      "flake": false,
      "locked": {
        "lastModified": 1676316636,
        "narHash": "sha256-uIVvLUg1q0Oud3ufMrBqpu6GpdLtawJNGVc+7U7ksB8=",
        "ref": "refs/heads/main",
        "rev": "8d209b86484ebd7b65ad9e41fb987c601f4c7a5b",
        "revCount": 36,
        "type": "git",
        "url": "ssh://git@git.brianryall.xyz/polarmutex/obsidian-second-brain.git"
      },
      "original": {
        "type": "git",
        "url": "ssh://git@git.brianryall.xyz/polarmutex/obsidian-second-brain.git"
      }
    },
    "pre-commit": {
      "inputs": {
        "flake-compat": "flake-compat_2",
        "flake-utils": "flake-utils_3",
        "gitignore": "gitignore",
        "nixpkgs": "nixpkgs_2",
        "nixpkgs-stable": "nixpkgs-stable"
      },
      "locked": {
        "lastModified": 1676279938,
        "narHash": "sha256-RDyvVdituVQQZtGA7DNaJruJLDz/pfkREpUcI4ZQvsk=",
        "owner": "cachix",
        "repo": "pre-commit-hooks.nix",
        "rev": "1583077009b6ef4236d1899c0f43cf1ce1db8085",
        "type": "github"
      },
      "original": {
        "owner": "cachix",
        "repo": "pre-commit-hooks.nix",
        "type": "github"
      }
    },
    "root": {
      "inputs": {
        "advisory-db": "advisory-db",
        "cargo-leptos": "cargo-leptos",
        "crane": "crane",
        "flake-parts": "flake-parts",
        "flake-utils": "flake-utils_2",
        "nix-filter": "nix-filter",
        "nixpkgs": "nixpkgs",
        "obsidian-export": "obsidian-export",
        "obsidian-second-brain": "obsidian-second-brain",
        "pre-commit": "pre-commit",
        "rust-overlay": "rust-overlay_2"
      }
    },
    "rust-overlay": {
      "inputs": {
        "flake-utils": [
          "crane",
          "flake-utils"
        ],
        "nixpkgs": [
          "crane",
          "nixpkgs"
        ]
      },
      "locked": {
        "lastModified": 1675391458,
        "narHash": "sha256-ukDKZw922BnK5ohL9LhwtaDAdCsJL7L6ScNEyF1lO9w=",
        "owner": "oxalica",
        "repo": "rust-overlay",
        "rev": "383a4acfd11d778d5c2efcf28376cbd845eeaedf",
        "type": "github"
      },
      "original": {
        "owner": "oxalica",
        "repo": "rust-overlay",
        "type": "github"
      }
    },
    "rust-overlay_2": {
      "inputs": {
        "flake-utils": "flake-utils_4",
        "nixpkgs": "nixpkgs_3"
      },
      "locked": {
        "lastModified": 1676255417,
        "narHash": "sha256-YYOQgNNQOq4oBbkbM+rG4mDOms3ztjIqxWOrMWsZ+xg=",
        "owner": "oxalica",
        "repo": "rust-overlay",
        "rev": "1bd5d7bb2f31cbc43fb8f722e3a39a45ee4dcec8",
        "type": "github"
      },
      "original": {
        "owner": "oxalica",
        "repo": "rust-overlay",
        "type": "github"
      }
    }
  },
  "root": "root",
  "version": 7
}
